// !$*UTF8*$!
{
	archiveVersion = 1;
	classes = {
	};
	objectVersion = 77;
	objects = {

/* Begin PBXBuildFile section */
		018038A0F1E79BF912F230CC /* Constants.swift in Sources */ = {isa = PBXBuildFile; fileRef = 9D9592C6280EA55487E438BB /* Constants.swift */; };
		08A9019E91BDC0151C3E2DF6 /* Currency.swift in Sources */ = {isa = PBXBuildFile; fileRef = 29100C45BBFBF823CCFF49EA /* Currency.swift */; };
		12191DDD98574CDF9BF7A252 /* Endpoints.swift in Sources */ = {isa = PBXBuildFile; fileRef = D50799C31C6BF304E0A4BF1D /* Endpoints.swift */; };
		1AE5FCD7E323F3C95EE768B8 /* APIEnvironment.swift in Sources */ = {isa = PBXBuildFile; fileRef = 17771FB462CE5AD17A276106 /* APIEnvironment.swift */; };
		1CE7B6ED3D3BE5B98FAD4B54 /* HotelImageCarousel.swift in Sources */ = {isa = PBXBuildFile; fileRef = D1F3011C8C200A72DF8BBDBC /* HotelImageCarousel.swift */; };
		2215EBE716E6E30B02E89512 /* Decoders.swift in Sources */ = {isa = PBXBuildFile; fileRef = CC5595A077652868FD3B09F8 /* Decoders.swift */; };
		24BCA94AA7E6BE15C023EE0D /* Theme.swift in Sources */ = {isa = PBXBuildFile; fileRef = 93270355FF5E6240463286A5 /* Theme.swift */; };
		381597D4ACD40260834AD02F /* CompactHotelCard.swift in Sources */ = {isa = PBXBuildFile; fileRef = 5B8E52F79B8B5A071A06FB8A /* CompactHotelCard.swift */; };
		3D5B8FB17E531C95A47E8DD3 /* HotelListingsViewModelTests.swift in Sources */ = {isa = PBXBuildFile; fileRef = ECBAA9276F58F2DAA81D57D2 /* HotelListingsViewModelTests.swift */; };
		46FDEC8749BEA964B3263ADD /* HotelTests.swift in Sources */ = {isa = PBXBuildFile; fileRef = 65FFD8F1B22D03D0AE31904D /* HotelTests.swift */; };
		59FC9F4E052336AEAA049105 /* Hotel.swift in Sources */ = {isa = PBXBuildFile; fileRef = 3CACA5C69132F852CD3A4220 /* Hotel.swift */; };
		6631FE5805F9C28E0DE15E32 /* ResortPassApp.swift in Sources */ = {isa = PBXBuildFile; fileRef = 2C1CF6C4A4CD750AA38DB128 /* ResortPassApp.swift */; };
		66893AAC34AE4B876472BC9A /* MorphInteractionController.swift in Sources */ = {isa = PBXBuildFile; fileRef = 6221ECC0DBA1BF2DD71CBD41 /* MorphInteractionController.swift */; };
		691463FADA621F0D93ADDC9D /* MorphAnimatedTransitioning.swift in Sources */ = {isa = PBXBuildFile; fileRef = 2731B3B522545A975CD5C7A0 /* MorphAnimatedTransitioning.swift */; };
		6BB058016EEE95E203F75834 /* Place.swift in Sources */ = {isa = PBXBuildFile; fileRef = E53198B5CB0C76A572B82F22 /* Place.swift */; };
		6D2AE3DBC5686661C1035CBD /* HotelDetailScene.swift in Sources */ = {isa = PBXBuildFile; fileRef = 4245B1ED045EACE41B95FC16 /* HotelDetailScene.swift */; };
		7A915C996D1B619DC8B29DE3 /* SpecComplianceTests.swift in Sources */ = {isa = PBXBuildFile; fileRef = D8FB380DE15B651E17473908 /* SpecComplianceTests.swift */; };
		7EDECB5766CEED7926FB9562 /* CardPressStyle.swift in Sources */ = {isa = PBXBuildFile; fileRef = 92B01FC824C9E3C19412A909 /* CardPressStyle.swift */; };
		7F9D707421F20D3CDD5C21AE /* LogClient.swift in Sources */ = {isa = PBXBuildFile; fileRef = 707DC5FFD7BF85A428FBA516 /* LogClient.swift */; };
		80EF7552E6F6968C7F8410D7 /* PlaceTests.swift in Sources */ = {isa = PBXBuildFile; fileRef = C98992C941505E0E031B769D /* PlaceTests.swift */; };
		853A39EA8468B83250C65230 /* MorphPresentationController.swift in Sources */ = {isa = PBXBuildFile; fileRef = 5F5E72388E2A41FF9ED2EC23 /* MorphPresentationController.swift */; };
		9628561E7977EF7826946D80 /* Kingfisher in Frameworks */ = {isa = PBXBuildFile; productRef = F7E2F4538FDB853F5D561AE0 /* Kingfisher */; };
		9ABF29615844495F552D2DD8 /* Fixtures in Resources */ = {isa = PBXBuildFile; fileRef = 7F7D0E5EA4FE354FFF2A5E37 /* Fixtures */; };
		9B15B3E87B10A91798F3E553 /* EditorialGradeProcessor.swift in Sources */ = {isa = PBXBuildFile; fileRef = 50FD839D8D41B30AFBE3E715 /* EditorialGradeProcessor.swift */; };
		9BF07AA9E860EB1657B351DE /* Assets.xcassets in Resources */ = {isa = PBXBuildFile; fileRef = A9CA1686C304A4BCE07185E2 /* Assets.xcassets */; };
		A21BB3F56AE22430ABBC95F3 /* StarRating.swift in Sources */ = {isa = PBXBuildFile; fileRef = E81992BA483821453807E654 /* StarRating.swift */; };
		A705D94AB067F552F236FB6D /* HotelListingsView.swift in Sources */ = {isa = PBXBuildFile; fileRef = 71F5190BE75C129E8C6025AD /* HotelListingsView.swift */; };
		ACF048C06E2617C57FFA8D04 /* EditorialShaders.metal in Sources */ = {isa = PBXBuildFile; fileRef = 9AE4FFB3095482AAD6D84A08 /* EditorialShaders.metal */; };
		BEC4A5A15E8F875DD20F2614 /* PlayfairDisplay-Italic.ttf in Resources */ = {isa = PBXBuildFile; fileRef = C832A7566877F7F8903BB6B3 /* PlayfairDisplay-Italic.ttf */; };
		C25B9F10FEDD4DA11C085461 /* Search.swift in Sources */ = {isa = PBXBuildFile; fileRef = 48070E95E38616A5DDF28799 /* Search.swift */; };
		C6FB8C21604EAFF9AC60A8AE /* AppDestination.swift in Sources */ = {isa = PBXBuildFile; fileRef = 1DB5C6641D27F68D177FE243 /* AppDestination.swift */; };
		CADA8323064AD86330BBF7EB /* SearchViewModelTests.swift in Sources */ = {isa = PBXBuildFile; fileRef = 58B8BAE00C3534BC871281B4 /* SearchViewModelTests.swift */; };
		D3761BB7E2DD38F3B31769ED /* HTTPClient.swift in Sources */ = {isa = PBXBuildFile; fileRef = 741C9BB33275F71CC43C8032 /* HTTPClient.swift */; };
		E21E4F72E79CE8F6D80987C4 /* FilterChipRow.swift in Sources */ = {isa = PBXBuildFile; fileRef = 5D2D8917A8C845AD1F71772E /* FilterChipRow.swift */; };
		E2EE3DC787CFE84E5E6E527E /* CachedAsyncImage.swift in Sources */ = {isa = PBXBuildFile; fileRef = F54B689C116041413656661D /* CachedAsyncImage.swift */; };
		E6372B4641DF613D0741E2FF /* SearchClient.swift in Sources */ = {isa = PBXBuildFile; fileRef = AE6F241E8B0E6597444EB7B1 /* SearchClient.swift */; };
		E730B4B2E9F7EEFA06D1965B /* HotelsClient.swift in Sources */ = {isa = PBXBuildFile; fileRef = 53A42ECDBE7DF2FD8C200DDC /* HotelsClient.swift */; };
		E7EE4F30F28F1F1D32B76F88 /* Strings.swift in Sources */ = {isa = PBXBuildFile; fileRef = DAA1219A9ADE242E6567CE1F /* Strings.swift */; };
		EA267ABA5A86A6668EDB4907 /* PlayfairDisplay.ttf in Resources */ = {isa = PBXBuildFile; fileRef = CC540AC3F61187B332D49FF8 /* PlayfairDisplay.ttf */; };
		EC6E9C2577E3375B7F992876 /* BrandedImagePlaceholder.swift in Sources */ = {isa = PBXBuildFile; fileRef = 9F568419AAE3F48EFDC88E62 /* BrandedImagePlaceholder.swift */; };
		EC7928B3D63952E79B8C7045 /* HotelListings.swift in Sources */ = {isa = PBXBuildFile; fileRef = 9BC7244BED91C12D3FA751F7 /* HotelListings.swift */; };
		F40AFA334487129A77941C7E /* SearchView.swift in Sources */ = {isa = PBXBuildFile; fileRef = 6B497B1640161E8BD5E411D0 /* SearchView.swift */; };
		F42DC418F5ADAA378E84AD3A /* HTTPClientTests.swift in Sources */ = {isa = PBXBuildFile; fileRef = BB6EBFC18B3254620D8F152C /* HTTPClientTests.swift */; };
		F86AF9D7A1BC78E3871CACB3 /* StatusBarBridgeHostingController.swift in Sources */ = {isa = PBXBuildFile; fileRef = 2B16AF2C6D49F44F1C0C7A29 /* StatusBarBridgeHostingController.swift */; };
		FD2F3D95E5310998823C8B18 /* ErrorKind.swift in Sources */ = {isa = PBXBuildFile; fileRef = D6E5B5FD32A05817E33F4F70 /* ErrorKind.swift */; };
		FE374C1E8BEBCF74A74CA683 /* MorphTransitionAdapter.swift in Sources */ = {isa = PBXBuildFile; fileRef = 740EEFE9D4398CDC5BB0D5A2 /* MorphTransitionAdapter.swift */; };
/* End PBXBuildFile section */

/* Begin PBXContainerItemProxy section */
		C7905DBEA5E89E499D53EC15 /* PBXContainerItemProxy */ = {
			isa = PBXContainerItemProxy;
			containerPortal = 093B4FCFD6FA6F94E00626C4 /* Project object */;
			proxyType = 1;
			remoteGlobalIDString = CEC3B9D93A43C6646E0D3213;
			remoteInfo = ResortPass;
		};
/* End PBXContainerItemProxy section */

/* Begin PBXFileReference section */
		01EDCC900DE560379C437079 /* ResortPass.app */ = {isa = PBXFileReference; includeInIndex = 0; lastKnownFileType = wrapper.application; path = ResortPass.app; sourceTree = BUILT_PRODUCTS_DIR; };
		0283D12B774F557FF1E7B855 /* .gitkeep */ = {isa = PBXFileReference; path = .gitkeep; sourceTree = "<group>"; };
		07918589530FE73520B1D78E /* .gitkeep */ = {isa = PBXFileReference; path = .gitkeep; sourceTree = "<group>"; };
		156C6A6CBAFEE40875DAE536 /* .gitkeep */ = {isa = PBXFileReference; path = .gitkeep; sourceTree = "<group>"; };
		17771FB462CE5AD17A276106 /* APIEnvironment.swift */ = {isa = PBXFileReference; lastKnownFileType = sourcecode.swift; path = APIEnvironment.swift; sourceTree = "<group>"; };
		1DB5C6641D27F68D177FE243 /* AppDestination.swift */ = {isa = PBXFileReference; lastKnownFileType = sourcecode.swift; path = AppDestination.swift; sourceTree = "<group>"; };
		2731B3B522545A975CD5C7A0 /* MorphAnimatedTransitioning.swift */ = {isa = PBXFileReference; lastKnownFileType = sourcecode.swift; path = MorphAnimatedTransitioning.swift; sourceTree = "<group>"; };
		290CB3F81E12B85CBBCEDC4F /* .gitkeep */ = {isa = PBXFileReference; path = .gitkeep; sourceTree = "<group>"; };
		29100C45BBFBF823CCFF49EA /* Currency.swift */ = {isa = PBXFileReference; lastKnownFileType = sourcecode.swift; path = Currency.swift; sourceTree = "<group>"; };
		2B16AF2C6D49F44F1C0C7A29 /* StatusBarBridgeHostingController.swift */ = {isa = PBXFileReference; lastKnownFileType = sourcecode.swift; path = StatusBarBridgeHostingController.swift; sourceTree = "<group>"; };
		2C1CF6C4A4CD750AA38DB128 /* ResortPassApp.swift */ = {isa = PBXFileReference; lastKnownFileType = sourcecode.swift; path = ResortPassApp.swift; sourceTree = "<group>"; };
		2E76F22D437DE8ACE603C1CA /* .gitkeep */ = {isa = PBXFileReference; path = .gitkeep; sourceTree = "<group>"; };
		3CACA5C69132F852CD3A4220 /* Hotel.swift */ = {isa = PBXFileReference; lastKnownFileType = sourcecode.swift; path = Hotel.swift; sourceTree = "<group>"; };
		4245B1ED045EACE41B95FC16 /* HotelDetailScene.swift */ = {isa = PBXFileReference; lastKnownFileType = sourcecode.swift; path = HotelDetailScene.swift; sourceTree = "<group>"; };
		48070E95E38616A5DDF28799 /* Search.swift */ = {isa = PBXFileReference; lastKnownFileType = sourcecode.swift; path = Search.swift; sourceTree = "<group>"; };
		50FD839D8D41B30AFBE3E715 /* EditorialGradeProcessor.swift */ = {isa = PBXFileReference; lastKnownFileType = sourcecode.swift; path = EditorialGradeProcessor.swift; sourceTree = "<group>"; };
		53A42ECDBE7DF2FD8C200DDC /* HotelsClient.swift */ = {isa = PBXFileReference; lastKnownFileType = sourcecode.swift; path = HotelsClient.swift; sourceTree = "<group>"; };
		5565DB3072B904799D1A1679 /* ResortPassTests.xctest */ = {isa = PBXFileReference; includeInIndex = 0; lastKnownFileType = wrapper.cfbundle; path = ResortPassTests.xctest; sourceTree = BUILT_PRODUCTS_DIR; };
		58B8BAE00C3534BC871281B4 /* SearchViewModelTests.swift */ = {isa = PBXFileReference; lastKnownFileType = sourcecode.swift; path = SearchViewModelTests.swift; sourceTree = "<group>"; };
		5B8E52F79B8B5A071A06FB8A /* CompactHotelCard.swift */ = {isa = PBXFileReference; lastKnownFileType = sourcecode.swift; path = CompactHotelCard.swift; sourceTree = "<group>"; };
		5D2D8917A8C845AD1F71772E /* FilterChipRow.swift */ = {isa = PBXFileReference; lastKnownFileType = sourcecode.swift; path = FilterChipRow.swift; sourceTree = "<group>"; };
		5F5E72388E2A41FF9ED2EC23 /* MorphPresentationController.swift */ = {isa = PBXFileReference; lastKnownFileType = sourcecode.swift; path = MorphPresentationController.swift; sourceTree = "<group>"; };
		6221ECC0DBA1BF2DD71CBD41 /* MorphInteractionController.swift */ = {isa = PBXFileReference; lastKnownFileType = sourcecode.swift; path = MorphInteractionController.swift; sourceTree = "<group>"; };
		65FFD8F1B22D03D0AE31904D /* HotelTests.swift */ = {isa = PBXFileReference; lastKnownFileType = sourcecode.swift; path = HotelTests.swift; sourceTree = "<group>"; };
		6B497B1640161E8BD5E411D0 /* SearchView.swift */ = {isa = PBXFileReference; lastKnownFileType = sourcecode.swift; path = SearchView.swift; sourceTree = "<group>"; };
		707DC5FFD7BF85A428FBA516 /* LogClient.swift */ = {isa = PBXFileReference; lastKnownFileType = sourcecode.swift; path = LogClient.swift; sourceTree = "<group>"; };
		71F5190BE75C129E8C6025AD /* HotelListingsView.swift */ = {isa = PBXFileReference; lastKnownFileType = sourcecode.swift; path = HotelListingsView.swift; sourceTree = "<group>"; };
		740EEFE9D4398CDC5BB0D5A2 /* MorphTransitionAdapter.swift */ = {isa = PBXFileReference; lastKnownFileType = sourcecode.swift; path = MorphTransitionAdapter.swift; sourceTree = "<group>"; };
		741C9BB33275F71CC43C8032 /* HTTPClient.swift */ = {isa = PBXFileReference; lastKnownFileType = sourcecode.swift; path = HTTPClient.swift; sourceTree = "<group>"; };
		7D08331B07035E5FDFBD93CD /* .gitkeep */ = {isa = PBXFileReference; path = .gitkeep; sourceTree = "<group>"; };
		7D124A766438DEC67835B3F0 /* .gitkeep */ = {isa = PBXFileReference; path = .gitkeep; sourceTree = "<group>"; };
		7E6437EA1B13B8F2E65EB0A0 /* .gitkeep */ = {isa = PBXFileReference; path = .gitkeep; sourceTree = "<group>"; };
		7F7D0E5EA4FE354FFF2A5E37 /* Fixtures */ = {isa = PBXFileReference; lastKnownFileType = folder; name = Fixtures; path = Tests/Fixtures; sourceTree = SOURCE_ROOT; };
		8914081E7D0E8CFC1A1188AD /* .gitkeep */ = {isa = PBXFileReference; path = .gitkeep; sourceTree = "<group>"; };
		92A5BC482DD43F0D102096EE /* .gitkeep */ = {isa = PBXFileReference; path = .gitkeep; sourceTree = "<group>"; };
		92B01FC824C9E3C19412A909 /* CardPressStyle.swift */ = {isa = PBXFileReference; lastKnownFileType = sourcecode.swift; path = CardPressStyle.swift; sourceTree = "<group>"; };
		93270355FF5E6240463286A5 /* Theme.swift */ = {isa = PBXFileReference; lastKnownFileType = sourcecode.swift; path = Theme.swift; sourceTree = "<group>"; };
		94C7D820ED726F1B3E86FA88 /* .gitkeep */ = {isa = PBXFileReference; path = .gitkeep; sourceTree = "<group>"; };
		9AE4FFB3095482AAD6D84A08 /* EditorialShaders.metal */ = {isa = PBXFileReference; lastKnownFileType = sourcecode.metal; path = EditorialShaders.metal; sourceTree = "<group>"; };
		9BC7244BED91C12D3FA751F7 /* HotelListings.swift */ = {isa = PBXFileReference; lastKnownFileType = sourcecode.swift; path = HotelListings.swift; sourceTree = "<group>"; };
		9D9592C6280EA55487E438BB /* Constants.swift */ = {isa = PBXFileReference; lastKnownFileType = sourcecode.swift; path = Constants.swift; sourceTree = "<group>"; };
		9F568419AAE3F48EFDC88E62 /* BrandedImagePlaceholder.swift */ = {isa = PBXFileReference; lastKnownFileType = sourcecode.swift; path = BrandedImagePlaceholder.swift; sourceTree = "<group>"; };
		A9CA1686C304A4BCE07185E2 /* Assets.xcassets */ = {isa = PBXFileReference; lastKnownFileType = folder.assetcatalog; path = Assets.xcassets; sourceTree = "<group>"; };
		AE6F241E8B0E6597444EB7B1 /* SearchClient.swift */ = {isa = PBXFileReference; lastKnownFileType = sourcecode.swift; path = SearchClient.swift; sourceTree = "<group>"; };
		BB6EBFC18B3254620D8F152C /* HTTPClientTests.swift */ = {isa = PBXFileReference; lastKnownFileType = sourcecode.swift; path = HTTPClientTests.swift; sourceTree = "<group>"; };
		C832A7566877F7F8903BB6B3 /* PlayfairDisplay-Italic.ttf */ = {isa = PBXFileReference; lastKnownFileType = file; path = "PlayfairDisplay-Italic.ttf"; sourceTree = "<group>"; };
		C98992C941505E0E031B769D /* PlaceTests.swift */ = {isa = PBXFileReference; lastKnownFileType = sourcecode.swift; path = PlaceTests.swift; sourceTree = "<group>"; };
		CC540AC3F61187B332D49FF8 /* PlayfairDisplay.ttf */ = {isa = PBXFileReference; lastKnownFileType = file; path = PlayfairDisplay.ttf; sourceTree = "<group>"; };
		CC5595A077652868FD3B09F8 /* Decoders.swift */ = {isa = PBXFileReference; lastKnownFileType = sourcecode.swift; path = Decoders.swift; sourceTree = "<group>"; };
		D1F3011C8C200A72DF8BBDBC /* HotelImageCarousel.swift */ = {isa = PBXFileReference; lastKnownFileType = sourcecode.swift; path = HotelImageCarousel.swift; sourceTree = "<group>"; };
		D50799C31C6BF304E0A4BF1D /* Endpoints.swift */ = {isa = PBXFileReference; lastKnownFileType = sourcecode.swift; path = Endpoints.swift; sourceTree = "<group>"; };
		D6E5B5FD32A05817E33F4F70 /* ErrorKind.swift */ = {isa = PBXFileReference; lastKnownFileType = sourcecode.swift; path = ErrorKind.swift; sourceTree = "<group>"; };
		D8FB380DE15B651E17473908 /* SpecComplianceTests.swift */ = {isa = PBXFileReference; lastKnownFileType = sourcecode.swift; path = SpecComplianceTests.swift; sourceTree = "<group>"; };
		DAA1219A9ADE242E6567CE1F /* Strings.swift */ = {isa = PBXFileReference; lastKnownFileType = sourcecode.swift; path = Strings.swift; sourceTree = "<group>"; };
		E53198B5CB0C76A572B82F22 /* Place.swift */ = {isa = PBXFileReference; lastKnownFileType = sourcecode.swift; path = Place.swift; sourceTree = "<group>"; };
		E59DE1D863BFF0A1579B2D57 /* .gitkeep */ = {isa = PBXFileReference; path = .gitkeep; sourceTree = "<group>"; };
		E81992BA483821453807E654 /* StarRating.swift */ = {isa = PBXFileReference; lastKnownFileType = sourcecode.swift; path = StarRating.swift; sourceTree = "<group>"; };
		ECBAA9276F58F2DAA81D57D2 /* HotelListingsViewModelTests.swift */ = {isa = PBXFileReference; lastKnownFileType = sourcecode.swift; path = HotelListingsViewModelTests.swift; sourceTree = "<group>"; };
		F54B689C116041413656661D /* CachedAsyncImage.swift */ = {isa = PBXFileReference; lastKnownFileType = sourcecode.swift; path = CachedAsyncImage.swift; sourceTree = "<group>"; };
/* End PBXFileReference section */

/* Begin PBXFrameworksBuildPhase section */
		5B12DA9FBBDA87F301AE2D29 /* Frameworks */ = {
			isa = PBXFrameworksBuildPhase;
			buildActionMask = 2147483647;
			files = (
				9628561E7977EF7826946D80 /* Kingfisher in Frameworks */,
			);
			runOnlyForDeploymentPostprocessing = 0;
		};
/* End PBXFrameworksBuildPhase section */

/* Begin PBXGroup section */
		05574A7BBD5E48C7C89FC213 /* ImageCaching */ = {
			isa = PBXGroup;
			children = (
				92A5BC482DD43F0D102096EE /* .gitkeep */,
				F54B689C116041413656661D /* CachedAsyncImage.swift */,
				50FD839D8D41B30AFBE3E715 /* EditorialGradeProcessor.swift */,
				9AE4FFB3095482AAD6D84A08 /* EditorialShaders.metal */,
			);
			path = ImageCaching;
			sourceTree = "<group>";
		};
		138AE40F5482CCDF5E72F30A /* Components */ = {
			isa = PBXGroup;
			children = (
				8914081E7D0E8CFC1A1188AD /* .gitkeep */,
				9F568419AAE3F48EFDC88E62 /* BrandedImagePlaceholder.swift */,
				92B01FC824C9E3C19412A909 /* CardPressStyle.swift */,
				5B8E52F79B8B5A071A06FB8A /* CompactHotelCard.swift */,
				5D2D8917A8C845AD1F71772E /* FilterChipRow.swift */,
				D1F3011C8C200A72DF8BBDBC /* HotelImageCarousel.swift */,
				E81992BA483821453807E654 /* StarRating.swift */,
			);
			path = Components;
			sourceTree = "<group>";
		};
		1FA7926E1446836648AC6D76 /* Models */ = {
			isa = PBXGroup;
			children = (
				7D124A766438DEC67835B3F0 /* .gitkeep */,
				29100C45BBFBF823CCFF49EA /* Currency.swift */,
				3CACA5C69132F852CD3A4220 /* Hotel.swift */,
				E53198B5CB0C76A572B82F22 /* Place.swift */,
			);
			path = Models;
			sourceTree = "<group>";
		};
		2A627694E195F0CC4D5B6280 /* Tokens */ = {
			isa = PBXGroup;
			children = (
				07918589530FE73520B1D78E /* .gitkeep */,
				93270355FF5E6240463286A5 /* Theme.swift */,
			);
			path = Tokens;
			sourceTree = "<group>";
		};
		2C1A74A3006A79A2E2599B92 /* Fonts */ = {
			isa = PBXGroup;
			children = (
				C832A7566877F7F8903BB6B3 /* PlayfairDisplay-Italic.ttf */,
				CC540AC3F61187B332D49FF8 /* PlayfairDisplay.ttf */,
			);
			path = Fonts;
			sourceTree = "<group>";
		};
		39D80515A8B16704FB6F0600 /* Routing */ = {
			isa = PBXGroup;
			children = (
				7E6437EA1B13B8F2E65EB0A0 /* .gitkeep */,
				1DB5C6641D27F68D177FE243 /* AppDestination.swift */,
			);
			path = Routing;
			sourceTree = "<group>";
		};
		4C59651B74C0CE6732293B36 /* DesignSystem */ = {
			isa = PBXGroup;
			children = (
				138AE40F5482CCDF5E72F30A /* Components */,
				2A627694E195F0CC4D5B6280 /* Tokens */,
			);
			path = DesignSystem;
			sourceTree = "<group>";
		};
		59AE2178FDE80EF1B5FFA4A1 /* HotelDetail */ = {
			isa = PBXGroup;
			children = (
				4245B1ED045EACE41B95FC16 /* HotelDetailScene.swift */,
			);
			path = HotelDetail;
			sourceTree = "<group>";
		};
		771BF12C0A5DEC6CCF8FB360 /* Sources */ = {
			isa = PBXGroup;
			children = (
				81DEE0853793FFDA5A7AD38E /* App */,
				B2C14197AB3D0CCB205AE817 /* Common */,
				4C59651B74C0CE6732293B36 /* DesignSystem */,
				D6A1DE0E1AE3FD49EB712814 /* Features */,
				05574A7BBD5E48C7C89FC213 /* ImageCaching */,
				78D530E25DE9AB87E6D9C243 /* Logging */,
				1FA7926E1446836648AC6D76 /* Models */,
				DCF17DA492DB8C4A6BCB5122 /* Networking */,
				AE195A95AA97BABDFC5F26FC /* Resources */,
				39D80515A8B16704FB6F0600 /* Routing */,
				9E502B992890E588EFAC125A /* Strings */,
			);
			path = Sources;
			sourceTree = "<group>";
		};
		78D530E25DE9AB87E6D9C243 /* Logging */ = {
			isa = PBXGroup;
			children = (
				94C7D820ED726F1B3E86FA88 /* .gitkeep */,
				707DC5FFD7BF85A428FBA516 /* LogClient.swift */,
			);
			path = Logging;
			sourceTree = "<group>";
		};
		81DEE0853793FFDA5A7AD38E /* App */ = {
			isa = PBXGroup;
			children = (
				E59DE1D863BFF0A1579B2D57 /* .gitkeep */,
				2C1CF6C4A4CD750AA38DB128 /* ResortPassApp.swift */,
				2B16AF2C6D49F44F1C0C7A29 /* StatusBarBridgeHostingController.swift */,
				C34AEBBEFA4E54748A9346C7 /* Transitions */,
			);
			path = App;
			sourceTree = "<group>";
		};
		834BB0A0620AABD57110B38D = {
			isa = PBXGroup;
			children = (
				7F7D0E5EA4FE354FFF2A5E37 /* Fixtures */,
				771BF12C0A5DEC6CCF8FB360 /* Sources */,
				A0EEC9842AE23E0DC98E93C4 /* Tests */,
				C30CD59E69BB5CDCF21A4E0D /* Products */,
			);
			sourceTree = "<group>";
		};
		9E502B992890E588EFAC125A /* Strings */ = {
			isa = PBXGroup;
			children = (
				290CB3F81E12B85CBBCEDC4F /* .gitkeep */,
				DAA1219A9ADE242E6567CE1F /* Strings.swift */,
			);
			path = Strings;
			sourceTree = "<group>";
		};
		A0EEC9842AE23E0DC98E93C4 /* Tests */ = {
			isa = PBXGroup;
			children = (
				ECBAA9276F58F2DAA81D57D2 /* HotelListingsViewModelTests.swift */,
				65FFD8F1B22D03D0AE31904D /* HotelTests.swift */,
				BB6EBFC18B3254620D8F152C /* HTTPClientTests.swift */,
				C98992C941505E0E031B769D /* PlaceTests.swift */,
				58B8BAE00C3534BC871281B4 /* SearchViewModelTests.swift */,
				D8FB380DE15B651E17473908 /* SpecComplianceTests.swift */,
			);
			path = Tests;
			sourceTree = "<group>";
		};
		AE195A95AA97BABDFC5F26FC /* Resources */ = {
			isa = PBXGroup;
			children = (
				A9CA1686C304A4BCE07185E2 /* Assets.xcassets */,
				2C1A74A3006A79A2E2599B92 /* Fonts */,
			);
			path = Resources;
			sourceTree = "<group>";
		};
		B2C14197AB3D0CCB205AE817 /* Common */ = {
			isa = PBXGroup;
			children = (
				7D08331B07035E5FDFBD93CD /* .gitkeep */,
			);
			path = Common;
			sourceTree = "<group>";
		};
		C30CD59E69BB5CDCF21A4E0D /* Products */ = {
			isa = PBXGroup;
			children = (
				01EDCC900DE560379C437079 /* ResortPass.app */,
				5565DB3072B904799D1A1679 /* ResortPassTests.xctest */,
			);
			name = Products;
			sourceTree = "<group>";
		};
		C34AEBBEFA4E54748A9346C7 /* Transitions */ = {
			isa = PBXGroup;
			children = (
				2731B3B522545A975CD5C7A0 /* MorphAnimatedTransitioning.swift */,
				6221ECC0DBA1BF2DD71CBD41 /* MorphInteractionController.swift */,
				5F5E72388E2A41FF9ED2EC23 /* MorphPresentationController.swift */,
				740EEFE9D4398CDC5BB0D5A2 /* MorphTransitionAdapter.swift */,
			);
			path = Transitions;
			sourceTree = "<group>";
		};
		D6A1DE0E1AE3FD49EB712814 /* Features */ = {
			isa = PBXGroup;
			children = (
				59AE2178FDE80EF1B5FFA4A1 /* HotelDetail */,
				FF6BF66308FA7E827FDD300A /* HotelListings */,
				FC824889BDA82D41F1B91C00 /* Search */,
			);
			path = Features;
			sourceTree = "<group>";
		};
		DCF17DA492DB8C4A6BCB5122 /* Networking */ = {
			isa = PBXGroup;
			children = (
				156C6A6CBAFEE40875DAE536 /* .gitkeep */,
				17771FB462CE5AD17A276106 /* APIEnvironment.swift */,
				9D9592C6280EA55487E438BB /* Constants.swift */,
				CC5595A077652868FD3B09F8 /* Decoders.swift */,
				D50799C31C6BF304E0A4BF1D /* Endpoints.swift */,
				D6E5B5FD32A05817E33F4F70 /* ErrorKind.swift */,
				53A42ECDBE7DF2FD8C200DDC /* HotelsClient.swift */,
				741C9BB33275F71CC43C8032 /* HTTPClient.swift */,
				AE6F241E8B0E6597444EB7B1 /* SearchClient.swift */,
			);
			path = Networking;
			sourceTree = "<group>";
		};
		FC824889BDA82D41F1B91C00 /* Search */ = {
			isa = PBXGroup;
			children = (
				2E76F22D437DE8ACE603C1CA /* .gitkeep */,
				48070E95E38616A5DDF28799 /* Search.swift */,
				6B497B1640161E8BD5E411D0 /* SearchView.swift */,
			);
			path = Search;
			sourceTree = "<group>";
		};
		FF6BF66308FA7E827FDD300A /* HotelListings */ = {
			isa = PBXGroup;
			children = (
				0283D12B774F557FF1E7B855 /* .gitkeep */,
				9BC7244BED91C12D3FA751F7 /* HotelListings.swift */,
				71F5190BE75C129E8C6025AD /* HotelListingsView.swift */,
			);
			path = HotelListings;
			sourceTree = "<group>";
		};
/* End PBXGroup section */

/* Begin PBXNativeTarget section */
		CEC3B9D93A43C6646E0D3213 /* ResortPass */ = {
			isa = PBXNativeTarget;
			buildConfigurationList = 0487C036CF3FFE872DEF8B94 /* Build configuration list for PBXNativeTarget "ResortPass" */;
			buildPhases = (
				36D0C9C1DE521A6DC325DC0D /* Sources */,
				2432417924AE7E7E3CCF7F6E /* Resources */,
				5B12DA9FBBDA87F301AE2D29 /* Frameworks */,
			);
			buildRules = (
			);
			dependencies = (
			);
			name = ResortPass;
			packageProductDependencies = (
				F7E2F4538FDB853F5D561AE0 /* Kingfisher */,
			);
			productName = ResortPass;
			productReference = 01EDCC900DE560379C437079 /* ResortPass.app */;
			productType = "com.apple.product-type.application";
		};
		E1ACB2FF0EAAE5A0AC06380D /* ResortPassTests */ = {
			isa = PBXNativeTarget;
			buildConfigurationList = 512019DF57A67655A1654EA3 /* Build configuration list for PBXNativeTarget "ResortPassTests" */;
			buildPhases = (
				48FDF46DCECCC970F0D31C01 /* Sources */,
				58BFC30874047A07E5C56C24 /* Resources */,
			);
			buildRules = (
			);
			dependencies = (
				BD9A7F7453571A9A8F62805A /* PBXTargetDependency */,
			);
			name = ResortPassTests;
			packageProductDependencies = (
			);
			productName = ResortPassTests;
			productReference = 5565DB3072B904799D1A1679 /* ResortPassTests.xctest */;
			productType = "com.apple.product-type.bundle.unit-test";
		};
/* End PBXNativeTarget section */

/* Begin PBXProject section */
		093B4FCFD6FA6F94E00626C4 /* Project object */ = {
			isa = PBXProject;
			attributes = {
				BuildIndependentTargetsInParallel = YES;
				LastUpgradeCheck = 1430;
				TargetAttributes = {
				};
			};
			buildConfigurationList = 9B73133F4E508ACC8EC8B8BC /* Build configuration list for PBXProject "ResortPass" */;
			developmentRegion = en;
			hasScannedForEncodings = 0;
			knownRegions = (
				Base,
				en,
			);
			mainGroup = 834BB0A0620AABD57110B38D;
			minimizedProjectReferenceProxies = 1;
			packageReferences = (
				A04A7FF0D5D82B8CF56E4C66 /* XCRemoteSwiftPackageReference "Kingfisher" */,
			);
			preferredProjectObjectVersion = 77;
			productRefGroup = C30CD59E69BB5CDCF21A4E0D /* Products */;
			projectDirPath = "";
			projectRoot = "";
			targets = (
				CEC3B9D93A43C6646E0D3213 /* ResortPass */,
				E1ACB2FF0EAAE5A0AC06380D /* ResortPassTests */,
			);
		};
/* End PBXProject section */

/* Begin PBXResourcesBuildPhase section */
		2432417924AE7E7E3CCF7F6E /* Resources */ = {
			isa = PBXResourcesBuildPhase;
			buildActionMask = 2147483647;
			files = (
				9BF07AA9E860EB1657B351DE /* Assets.xcassets in Resources */,
				BEC4A5A15E8F875DD20F2614 /* PlayfairDisplay-Italic.ttf in Resources */,
				EA267ABA5A86A6668EDB4907 /* PlayfairDisplay.ttf in Resources */,
			);
			runOnlyForDeploymentPostprocessing = 0;
		};
		58BFC30874047A07E5C56C24 /* Resources */ = {
			isa = PBXResourcesBuildPhase;
			buildActionMask = 2147483647;
			files = (
				9ABF29615844495F552D2DD8 /* Fixtures in Resources */,
			);
			runOnlyForDeploymentPostprocessing = 0;
		};
/* End PBXResourcesBuildPhase section */

/* Begin PBXSourcesBuildPhase section */
		36D0C9C1DE521A6DC325DC0D /* Sources */ = {
			isa = PBXSourcesBuildPhase;
			buildActionMask = 2147483647;
			files = (
				1AE5FCD7E323F3C95EE768B8 /* APIEnvironment.swift in Sources */,
				C6FB8C21604EAFF9AC60A8AE /* AppDestination.swift in Sources */,
				EC6E9C2577E3375B7F992876 /* BrandedImagePlaceholder.swift in Sources */,
				E2EE3DC787CFE84E5E6E527E /* CachedAsyncImage.swift in Sources */,
				7EDECB5766CEED7926FB9562 /* CardPressStyle.swift in Sources */,
				381597D4ACD40260834AD02F /* CompactHotelCard.swift in Sources */,
				018038A0F1E79BF912F230CC /* Constants.swift in Sources */,
				08A9019E91BDC0151C3E2DF6 /* Currency.swift in Sources */,
				2215EBE716E6E30B02E89512 /* Decoders.swift in Sources */,
				9B15B3E87B10A91798F3E553 /* EditorialGradeProcessor.swift in Sources */,
				ACF048C06E2617C57FFA8D04 /* EditorialShaders.metal in Sources */,
				12191DDD98574CDF9BF7A252 /* Endpoints.swift in Sources */,
				FD2F3D95E5310998823C8B18 /* ErrorKind.swift in Sources */,
				E21E4F72E79CE8F6D80987C4 /* FilterChipRow.swift in Sources */,
				D3761BB7E2DD38F3B31769ED /* HTTPClient.swift in Sources */,
				59FC9F4E052336AEAA049105 /* Hotel.swift in Sources */,
				6D2AE3DBC5686661C1035CBD /* HotelDetailScene.swift in Sources */,
				1CE7B6ED3D3BE5B98FAD4B54 /* HotelImageCarousel.swift in Sources */,
				EC7928B3D63952E79B8C7045 /* HotelListings.swift in Sources */,
				A705D94AB067F552F236FB6D /* HotelListingsView.swift in Sources */,
				E730B4B2E9F7EEFA06D1965B /* HotelsClient.swift in Sources */,
				7F9D707421F20D3CDD5C21AE /* LogClient.swift in Sources */,
				691463FADA621F0D93ADDC9D /* MorphAnimatedTransitioning.swift in Sources */,
				66893AAC34AE4B876472BC9A /* MorphInteractionController.swift in Sources */,
				853A39EA8468B83250C65230 /* MorphPresentationController.swift in Sources */,
				FE374C1E8BEBCF74A74CA683 /* MorphTransitionAdapter.swift in Sources */,
				6BB058016EEE95E203F75834 /* Place.swift in Sources */,
				6631FE5805F9C28E0DE15E32 /* ResortPassApp.swift in Sources */,
				C25B9F10FEDD4DA11C085461 /* Search.swift in Sources */,
				E6372B4641DF613D0741E2FF /* SearchClient.swift in Sources */,
				F40AFA334487129A77941C7E /* SearchView.swift in Sources */,
				A21BB3F56AE22430ABBC95F3 /* StarRating.swift in Sources */,
				F86AF9D7A1BC78E3871CACB3 /* StatusBarBridgeHostingController.swift in Sources */,
				E7EE4F30F28F1F1D32B76F88 /* Strings.swift in Sources */,
				24BCA94AA7E6BE15C023EE0D /* Theme.swift in Sources */,
			);
			runOnlyForDeploymentPostprocessing = 0;
		};
		48FDF46DCECCC970F0D31C01 /* Sources */ = {
			isa = PBXSourcesBuildPhase;
			buildActionMask = 2147483647;
			files = (
				F42DC418F5ADAA378E84AD3A /* HTTPClientTests.swift in Sources */,
				3D5B8FB17E531C95A47E8DD3 /* HotelListingsViewModelTests.swift in Sources */,
				46FDEC8749BEA964B3263ADD /* HotelTests.swift in Sources */,
				80EF7552E6F6968C7F8410D7 /* PlaceTests.swift in Sources */,
				CADA8323064AD86330BBF7EB /* SearchViewModelTests.swift in Sources */,
				7A915C996D1B619DC8B29DE3 /* SpecComplianceTests.swift in Sources */,
			);
			runOnlyForDeploymentPostprocessing = 0;
		};
/* End PBXSourcesBuildPhase section */

/* Begin PBXTargetDependency section */
		BD9A7F7453571A9A8F62805A /* PBXTargetDependency */ = {
			isa = PBXTargetDependency;
			target = CEC3B9D93A43C6646E0D3213 /* ResortPass */;
			targetProxy = C7905DBEA5E89E499D53EC15 /* PBXContainerItemProxy */;
		};
/* End PBXTargetDependency section */

/* Begin XCBuildConfiguration section */
		4B70024A29E233D98D34FF9B /* Release */ = {
			isa = XCBuildConfiguration;
			buildSettings = {
				BUNDLE_LOADER = "$(TEST_HOST)";
				GENERATE_INFOPLIST_FILE = YES;
				LD_RUNPATH_SEARCH_PATHS = (
					"$(inherited)",
					"@executable_path/Frameworks",
					"@loader_path/Frameworks",
				);
				PRODUCT_BUNDLE_IDENTIFIER = com.resortpass.interview.ResortPassTests;
				SDKROOT = iphoneos;
				TARGETED_DEVICE_FAMILY = "1,2";
				TEST_HOST = "$(BUILT_PRODUCTS_DIR)/ResortPass.app/$(BUNDLE_EXECUTABLE_FOLDER_PATH)/ResortPass";
			};
			name = Release;
		};
		7C353CBBE775B4A1F961CF70 /* Release */ = {
			isa = XCBuildConfiguration;
			buildSettings = {
				ALWAYS_SEARCH_USER_PATHS = NO;
				CLANG_ANALYZER_NONNULL = YES;
				CLANG_ANALYZER_NUMBER_OBJECT_CONVERSION = YES_AGGRESSIVE;
				CLANG_CXX_LANGUAGE_STANDARD = "gnu++14";
				CLANG_CXX_LIBRARY = "libc++";
				CLANG_ENABLE_MODULES = YES;
				CLANG_ENABLE_OBJC_ARC = YES;
				CLANG_ENABLE_OBJC_WEAK = YES;
				CLANG_WARN_BLOCK_CAPTURE_AUTORELEASING = YES;
				CLANG_WARN_BOOL_CONVERSION = YES;
				CLANG_WARN_COMMA = YES;
				CLANG_WARN_CONSTANT_CONVERSION = YES;
				CLANG_WARN_DEPRECATED_OBJC_IMPLEMENTATIONS = YES;
				CLANG_WARN_DIRECT_OBJC_ISA_USAGE = YES_ERROR;
				CLANG_WARN_DOCUMENTATION_COMMENTS = YES;
				CLANG_WARN_EMPTY_BODY = YES;
				CLANG_WARN_ENUM_CONVERSION = YES;
				CLANG_WARN_INFINITE_RECURSION = YES;
				CLANG_WARN_INT_CONVERSION = YES;
				CLANG_WARN_NON_LITERAL_NULL_CONVERSION = YES;
				CLANG_WARN_OBJC_IMPLICIT_RETAIN_SELF = YES;
				CLANG_WARN_OBJC_LITERAL_CONVERSION = YES;
				CLANG_WARN_OBJC_ROOT_CLASS = YES_ERROR;
				CLANG_WARN_QUOTED_INCLUDE_IN_FRAMEWORK_HEADER = YES;
				CLANG_WARN_RANGE_LOOP_ANALYSIS = YES;
				CLANG_WARN_STRICT_PROTOTYPES = YES;
				CLANG_WARN_SUSPICIOUS_MOVE = YES;
				CLANG_WARN_UNGUARDED_AVAILABILITY = YES_AGGRESSIVE;
				CLANG_WARN_UNREACHABLE_CODE = YES;
				CLANG_WARN__DUPLICATE_METHOD_MATCH = YES;
				COPY_PHASE_STRIP = NO;
				DEBUG_INFORMATION_FORMAT = "dwarf-with-dsym";
				ENABLE_NS_ASSERTIONS = NO;
				ENABLE_STRICT_OBJC_MSGSEND = YES;
				GCC_C_LANGUAGE_STANDARD = gnu11;
				GCC_NO_COMMON_BLOCKS = YES;
				GCC_WARN_64_TO_32_BIT_CONVERSION = YES;
				GCC_WARN_ABOUT_RETURN_TYPE = YES_ERROR;
				GCC_WARN_UNDECLARED_SELECTOR = YES;
				GCC_WARN_UNINITIALIZED_AUTOS = YES_AGGRESSIVE;
				GCC_WARN_UNUSED_FUNCTION = YES;
				GCC_WARN_UNUSED_VARIABLE = YES;
				IPHONEOS_DEPLOYMENT_TARGET = 17.0;
				MTL_ENABLE_DEBUG_INFO = NO;
				MTL_FAST_MATH = YES;
				PRODUCT_NAME = "$(TARGET_NAME)";
				SDKROOT = iphoneos;
				SWIFT_COMPILATION_MODE = wholemodule;
				SWIFT_OPTIMIZATION_LEVEL = "-O";
				SWIFT_VERSION = 5.9;
			};
			name = Release;
		};
		9444AE4DDCBAFB4BAEDB0483 /* Release */ = {
			isa = XCBuildConfiguration;
			buildSettings = {
				ASSETCATALOG_COMPILER_APPICON_NAME = AppIcon;
				CODE_SIGN_IDENTITY = "iPhone Developer";
				GENERATE_INFOPLIST_FILE = YES;
				INFOPLIST_KEY_CADisableMinimumFrameDurationOnPhone = YES;
				INFOPLIST_KEY_UIAppFonts = "PlayfairDisplay.ttf,PlayfairDisplay-Italic.ttf";
				INFOPLIST_KEY_UIApplicationSceneManifest_Generation = YES;
				INFOPLIST_KEY_UIApplicationSupportsMultipleScenes = NO;
				INFOPLIST_KEY_UILaunchScreen_Generation = YES;
				INFOPLIST_KEY_UISupportedInterfaceOrientations = "UIInterfaceOrientationPortrait UIInterfaceOrientationLandscapeLeft UIInterfaceOrientationLandscapeRight";
				LD_RUNPATH_SEARCH_PATHS = (
					"$(inherited)",
					"@executable_path/Frameworks",
				);
				PRODUCT_BUNDLE_IDENTIFIER = com.resortpass.interview.ResortPass;
				SDKROOT = iphoneos;
				TARGETED_DEVICE_FAMILY = 1;
			};
			name = Release;
		};
		98FC6B55A5CD1AC5BE9C3BEF /* Debug */ = {
			isa = XCBuildConfiguration;
			buildSettings = {
				ASSETCATALOG_COMPILER_APPICON_NAME = AppIcon;
				CODE_SIGN_IDENTITY = "iPhone Developer";
				GENERATE_INFOPLIST_FILE = YES;
				INFOPLIST_KEY_CADisableMinimumFrameDurationOnPhone = YES;
				INFOPLIST_KEY_UIAppFonts = "PlayfairDisplay.ttf,PlayfairDisplay-Italic.ttf";
				INFOPLIST_KEY_UIApplicationSceneManifest_Generation = YES;
				INFOPLIST_KEY_UIApplicationSupportsMultipleScenes = NO;
				INFOPLIST_KEY_UILaunchScreen_Generation = YES;
				INFOPLIST_KEY_UISupportedInterfaceOrientations = "UIInterfaceOrientationPortrait UIInterfaceOrientationLandscapeLeft UIInterfaceOrientationLandscapeRight";
				LD_RUNPATH_SEARCH_PATHS = (
					"$(inherited)",
					"@executable_path/Frameworks",
				);
				PRODUCT_BUNDLE_IDENTIFIER = com.resortpass.interview.ResortPass;
				SDKROOT = iphoneos;
				TARGETED_DEVICE_FAMILY = 1;
			};
			name = Debug;
		};
		AE078260060F52BE928A6FBF /* Debug */ = {
			isa = XCBuildConfiguration;
			buildSettings = {
				BUNDLE_LOADER = "$(TEST_HOST)";
				GENERATE_INFOPLIST_FILE = YES;
				LD_RUNPATH_SEARCH_PATHS = (
					"$(inherited)",
					"@executable_path/Frameworks",
					"@loader_path/Frameworks",
				);
				PRODUCT_BUNDLE_IDENTIFIER = com.resortpass.interview.ResortPassTests;
				SDKROOT = iphoneos;
				TARGETED_DEVICE_FAMILY = "1,2";
				TEST_HOST = "$(BUILT_PRODUCTS_DIR)/ResortPass.app/$(BUNDLE_EXECUTABLE_FOLDER_PATH)/ResortPass";
			};
			name = Debug;
		};
		D287C92312D23874B46F9F81 /* Debug */ = {
			isa = XCBuildConfiguration;
			buildSettings = {
				ALWAYS_SEARCH_USER_PATHS = NO;
				CLANG_ANALYZER_NONNULL = YES;
				CLANG_ANALYZER_NUMBER_OBJECT_CONVERSION = YES_AGGRESSIVE;
				CLANG_CXX_LANGUAGE_STANDARD = "gnu++14";
				CLANG_CXX_LIBRARY = "libc++";
				CLANG_ENABLE_MODULES = YES;
				CLANG_ENABLE_OBJC_ARC = YES;
				CLANG_ENABLE_OBJC_WEAK = YES;
				CLANG_WARN_BLOCK_CAPTURE_AUTORELEASING = YES;
				CLANG_WARN_BOOL_CONVERSION = YES;
				CLANG_WARN_COMMA = YES;
				CLANG_WARN_CONSTANT_CONVERSION = YES;
				CLANG_WARN_DEPRECATED_OBJC_IMPLEMENTATIONS = YES;
				CLANG_WARN_DIRECT_OBJC_ISA_USAGE = YES_ERROR;
				CLANG_WARN_DOCUMENTATION_COMMENTS = YES;
				CLANG_WARN_EMPTY_BODY = YES;
				CLANG_WARN_ENUM_CONVERSION = YES;
				CLANG_WARN_INFINITE_RECURSION = YES;
				CLANG_WARN_INT_CONVERSION = YES;
				CLANG_WARN_NON_LITERAL_NULL_CONVERSION = YES;
				CLANG_WARN_OBJC_IMPLICIT_RETAIN_SELF = YES;
				CLANG_WARN_OBJC_LITERAL_CONVERSION = YES;
				CLANG_WARN_OBJC_ROOT_CLASS = YES_ERROR;
				CLANG_WARN_QUOTED_INCLUDE_IN_FRAMEWORK_HEADER = YES;
				CLANG_WARN_RANGE_LOOP_ANALYSIS = YES;
				CLANG_WARN_STRICT_PROTOTYPES = YES;
				CLANG_WARN_SUSPICIOUS_MOVE = YES;
				CLANG_WARN_UNGUARDED_AVAILABILITY = YES_AGGRESSIVE;
				CLANG_WARN_UNREACHABLE_CODE = YES;
				CLANG_WARN__DUPLICATE_METHOD_MATCH = YES;
				COPY_PHASE_STRIP = NO;
				DEBUG_INFORMATION_FORMAT = dwarf;
				ENABLE_STRICT_OBJC_MSGSEND = YES;
				ENABLE_TESTABILITY = YES;
				GCC_C_LANGUAGE_STANDARD = gnu11;
				GCC_DYNAMIC_NO_PIC = NO;
				GCC_NO_COMMON_BLOCKS = YES;
				GCC_OPTIMIZATION_LEVEL = 0;
				GCC_PREPROCESSOR_DEFINITIONS = (
					"$(inherited)",
					"DEBUG=1",
				);
				GCC_WARN_64_TO_32_BIT_CONVERSION = YES;
				GCC_WARN_ABOUT_RETURN_TYPE = YES_ERROR;
				GCC_WARN_UNDECLARED_SELECTOR = YES;
				GCC_WARN_UNINITIALIZED_AUTOS = YES_AGGRESSIVE;
				GCC_WARN_UNUSED_FUNCTION = YES;
				GCC_WARN_UNUSED_VARIABLE = YES;
				IPHONEOS_DEPLOYMENT_TARGET = 17.0;
				MTL_ENABLE_DEBUG_INFO = INCLUDE_SOURCE;
				MTL_FAST_MATH = YES;
				ONLY_ACTIVE_ARCH = YES;
				PRODUCT_NAME = "$(TARGET_NAME)";
				SDKROOT = iphoneos;
				SWIFT_ACTIVE_COMPILATION_CONDITIONS = DEBUG;
				SWIFT_OPTIMIZATION_LEVEL = "-Onone";
				SWIFT_VERSION = 5.9;
			};
			name = Debug;
		};
/* End XCBuildConfiguration section */

/* Begin XCConfigurationList section */
		0487C036CF3FFE872DEF8B94 /* Build configuration list for PBXNativeTarget "ResortPass" */ = {
			isa = XCConfigurationList;
			buildConfigurations = (
				98FC6B55A5CD1AC5BE9C3BEF /* Debug */,
				9444AE4DDCBAFB4BAEDB0483 /* Release */,
			);
			defaultConfigurationIsVisible = 0;
			defaultConfigurationName = Debug;
		};
		512019DF57A67655A1654EA3 /* Build configuration list for PBXNativeTarget "ResortPassTests" */ = {
			isa = XCConfigurationList;
			buildConfigurations = (
				AE078260060F52BE928A6FBF /* Debug */,
				4B70024A29E233D98D34FF9B /* Release */,
			);
			defaultConfigurationIsVisible = 0;
			defaultConfigurationName = Debug;
		};
		9B73133F4E508ACC8EC8B8BC /* Build configuration list for PBXProject "ResortPass" */ = {
			isa = XCConfigurationList;
			buildConfigurations = (
				D287C92312D23874B46F9F81 /* Debug */,
				7C353CBBE775B4A1F961CF70 /* Release */,
			);
			defaultConfigurationIsVisible = 0;
			defaultConfigurationName = Debug;
		};
/* End XCConfigurationList section */

/* Begin XCRemoteSwiftPackageReference section */
		A04A7FF0D5D82B8CF56E4C66 /* XCRemoteSwiftPackageReference "Kingfisher" */ = {
			isa = XCRemoteSwiftPackageReference;
			repositoryURL = "https://github.com/onevcat/Kingfisher";
			requirement = {
				kind = upToNextMajorVersion;
				minimumVersion = 8.0.0;
			};
		};
/* End XCRemoteSwiftPackageReference section */

/* Begin XCSwiftPackageProductDependency section */
		F7E2F4538FDB853F5D561AE0 /* Kingfisher */ = {
			isa = XCSwiftPackageProductDependency;
			package = A04A7FF0D5D82B8CF56E4C66 /* XCRemoteSwiftPackageReference "Kingfisher" */;
			productName = Kingfisher;
		};
/* End XCSwiftPackageProductDependency section */
	};
	rootObject = 093B4FCFD6FA6F94E00626C4 /* Project object */;
}
